
Microsoft Visual Studio Solution File, Format Version 12.00
# Visual Studio Version 16
VisualStudioVersion = 16.0.29920.165
MinimumVisualStudioVersion = 10.0.40219.1
Project("{8BC9CEB8-8B4A-11D0-8D11-00A0C91BC942}") = "Qfloat", "Qfloat\Qfloat.vcxproj", "{23239194-10DF-4A71-8B71-74C3469297A9}"
EndProject
Global
	GlobalSection(SolutionConfigurationPlatforms) = preSolution
		Debug|x64 = Debug|x64
		Debug|x86 = Debug|x86
		Release|x64 = Release|x64
		Release|x86 = Release|x86
	EndGlobalSection
	GlobalSection(ProjectConfigurationPlatforms) = postSolution
		{23239194-10DF-4A71-8B71-74C3469297A9}.Debug|x64.ActiveCfg = Debug|x64
		{23239194-10DF-4A71-8B71-74C3469297A9}.Debug|x64.Build.0 = Debug|x64
		{23239194-10DF-4A71-8B71-74C3469297A9}.Debug|x86.ActiveCfg = Debug|Win32
		{23239194-10DF-4A71-8B71-74C3469297A9}.Debug|x86.Build.0 = Debug|Win32
		{23239194-10DF-4A71-8B71-74C3469297A9}.Release|x64.ActiveCfg = Release|x64
		{23239194-10DF-4A71-8B71-74C3469297A9}.Release|x64.Build.0 = Release|x64
		{23239194-10DF-4A71-8B71-74C3469297A9}.Release|x86.ActiveCfg = Release|Win32
		{23239194-10DF-4A71-8B71-74C3469297A9}.Release|x86.Build.0 = Release|Win32
	EndGlobalSection
	GlobalSection(SolutionProperties) = preSolution
		HideSolutionNode = FALSE
	EndGlobalSection
	GlobalSection(ExtensibilityGlobals) = postSolution
		SolutionGuid = {F6F19B12-7413-43EE-9BB2-28582E5E440A}
	EndGlobalSection
EndGlobal
